// !$*UTF8*$!
{
	archiveVersion = 1;
	classes = {
	};
	objectVersion = 56;
	objects = {

/* Begin PBXBuildFile section */
		2C5B05A52AE5EC41004709B2 /* CheckboxToggleStyle.swift in Sources */ = {isa = PBXBuildFile; fileRef = 2C5B05A42AE5EC41004709B2 /* CheckboxToggleStyle.swift */; };
		2C5B05A72AE5ECA5004709B2 /* Toggles.swift in Sources */ = {isa = PBXBuildFile; fileRef = 2C5B05A62AE5ECA5004709B2 /* Toggles.swift */; };
		2C7512822AE570D500658F34 /* DesignGuidelineApp.swift in Sources */ = {isa = PBXBuildFile; fileRef = 2C7512812AE570D500658F34 /* DesignGuidelineApp.swift */; };
		2C7512842AE570D500658F34 /* ContentView.swift in Sources */ = {isa = PBXBuildFile; fileRef = 2C7512832AE570D500658F34 /* ContentView.swift */; };
		2C7512862AE570D700658F34 /* Assets.xcassets in Resources */ = {isa = PBXBuildFile; fileRef = 2C7512852AE570D700658F34 /* Assets.xcassets */; };
		2C7512892AE570D700658F34 /* Preview Assets.xcassets in Resources */ = {isa = PBXBuildFile; fileRef = 2C7512882AE570D700658F34 /* Preview Assets.xcassets */; };
		2C7512932AE5734A00658F34 /* PrimaryBlueButtonStyle.swift in Sources */ = {isa = PBXBuildFile; fileRef = 2C7512922AE5734A00658F34 /* PrimaryBlueButtonStyle.swift */; };
		2C7512952AE5739500658F34 /* PrimaryGreenButtonStyle.swift in Sources */ = {isa = PBXBuildFile; fileRef = 2C7512942AE5739500658F34 /* PrimaryGreenButtonStyle.swift */; };
		2C7512972AE575A100658F34 /* SecondaryButtonStyle.swift in Sources */ = {isa = PBXBuildFile; fileRef = 2C7512962AE575A100658F34 /* SecondaryButtonStyle.swift */; };
		2C7512992AE57B3400658F34 /* DestructiveButtonStyle.swift in Sources */ = {isa = PBXBuildFile; fileRef = 2C7512982AE57B3400658F34 /* DestructiveButtonStyle.swift */; };
		2C75129C2AE57C4200658F34 /* Buttons.swift in Sources */ = {isa = PBXBuildFile; fileRef = 2C75129B2AE57C4200658F34 /* Buttons.swift */; };
		2C75129E2AE57CE700658F34 /* TextFields.swift in Sources */ = {isa = PBXBuildFile; fileRef = 2C75129D2AE57CE700658F34 /* TextFields.swift */; };
		2C7512A12AE57D6100658F34 /* PrimaryTextFieldStyle.swift in Sources */ = {isa = PBXBuildFile; fileRef = 2C7512A02AE57D6100658F34 /* PrimaryTextFieldStyle.swift */; };
/* End PBXBuildFile section */

/* Begin PBXFileReference section */
		2C5B05A42AE5EC41004709B2 /* CheckboxToggleStyle.swift */ = {isa = PBXFileReference; lastKnownFileType = sourcecode.swift; path = CheckboxToggleStyle.swift; sourceTree = "<group>"; };
		2C5B05A62AE5ECA5004709B2 /* Toggles.swift */ = {isa = PBXFileReference; lastKnownFileType = sourcecode.swift; path = Toggles.swift; sourceTree = "<group>"; };
		2C75127E2AE570D500658F34 /* DesignGuideline.app */ = {isa = PBXFileReference; explicitFileType = wrapper.application; includeInIndex = 0; path = DesignGuideline.app; sourceTree = BUILT_PRODUCTS_DIR; };
		2C7512812AE570D500658F34 /* DesignGuidelineApp.swift */ = {isa = PBXFileReference; lastKnownFileType = sourcecode.swift; path = DesignGuidelineApp.swift; sourceTree = "<group>"; };
		2C7512832AE570D500658F34 /* ContentView.swift */ = {isa = PBXFileReference; lastKnownFileType = sourcecode.swift; path = ContentView.swift; sourceTree = "<group>"; };
		2C7512852AE570D700658F34 /* Assets.xcassets */ = {isa = PBXFileReference; lastKnownFileType = folder.assetcatalog; path = Assets.xcassets; sourceTree = "<group>"; };
		2C7512882AE570D700658F34 /* Preview Assets.xcassets */ = {isa = PBXFileReference; lastKnownFileType = folder.assetcatalog; path = "Preview Assets.xcassets"; sourceTree = "<group>"; };
		2C7512922AE5734A00658F34 /* PrimaryBlueButtonStyle.swift */ = {isa = PBXFileReference; lastKnownFileType = sourcecode.swift; path = PrimaryBlueButtonStyle.swift; sourceTree = "<group>"; };
		2C7512942AE5739500658F34 /* PrimaryGreenButtonStyle.swift */ = {isa = PBXFileReference; lastKnownFileType = sourcecode.swift; path = PrimaryGreenButtonStyle.swift; sourceTree = "<group>"; };
		2C7512962AE575A100658F34 /* SecondaryButtonStyle.swift */ = {isa = PBXFileReference; lastKnownFileType = sourcecode.swift; path = SecondaryButtonStyle.swift; sourceTree = "<group>"; };
		2C7512982AE57B3400658F34 /* DestructiveButtonStyle.swift */ = {isa = PBXFileReference; lastKnownFileType = sourcecode.swift; path = DestructiveButtonStyle.swift; sourceTree = "<group>"; };
		2C75129B2AE57C4200658F34 /* Buttons.swift */ = {isa = PBXFileReference; lastKnownFileType = sourcecode.swift; path = Buttons.swift; sourceTree = "<group>"; };
		2C75129D2AE57CE700658F34 /* TextFields.swift */ = {isa = PBXFileReference; lastKnownFileType = sourcecode.swift; path = TextFields.swift; sourceTree = "<group>"; };
		2C7512A02AE57D6100658F34 /* PrimaryTextFieldStyle.swift */ = {isa = PBXFileReference; lastKnownFileType = sourcecode.swift; path = PrimaryTextFieldStyle.swift; sourceTree = "<group>"; };
/* End PBXFileReference section */

/* Begin PBXFrameworksBuildPhase section */
		2C75127B2AE570D500658F34 /* Frameworks */ = {
			isa = PBXFrameworksBuildPhase;
			buildActionMask = 2147483647;
			files = (
			);
			runOnlyForDeploymentPostprocessing = 0;
		};
/* End PBXFrameworksBuildPhase section */

/* Begin PBXGroup section */
		2C5B05A32AE5EC2D004709B2 /* Toggles */ = {
			isa = PBXGroup;
			children = (
				2C5B05A42AE5EC41004709B2 /* CheckboxToggleStyle.swift */,
			);
			path = Toggles;
			sourceTree = "<group>";
		};
		2C7512752AE570D500658F34 = {
			isa = PBXGroup;
			children = (
				2C7512802AE570D500658F34 /* DesignGuideline */,
				2C75127F2AE570D500658F34 /* Products */,
			);
			sourceTree = "<group>";
		};
		2C75127F2AE570D500658F34 /* Products */ = {
			isa = PBXGroup;
			children = (
				2C75127E2AE570D500658F34 /* DesignGuideline.app */,
			);
			name = Products;
			sourceTree = "<group>";
		};
		2C7512802AE570D500658F34 /* DesignGuideline */ = {
			isa = PBXGroup;
			children = (
				2C75129A2AE57C3500658F34 /* Views */,
				2C7512902AE5732700658F34 /* Themes */,
				2C7512812AE570D500658F34 /* DesignGuidelineApp.swift */,
				2C7512832AE570D500658F34 /* ContentView.swift */,
				2C7512852AE570D700658F34 /* Assets.xcassets */,
				2C7512872AE570D700658F34 /* Preview Content */,
			);
			path = DesignGuideline;
			sourceTree = "<group>";
		};
		2C7512872AE570D700658F34 /* Preview Content */ = {
			isa = PBXGroup;
			children = (
				2C7512882AE570D700658F34 /* Preview Assets.xcassets */,
			);
			path = "Preview Content";
			sourceTree = "<group>";
		};
		2C7512902AE5732700658F34 /* Themes */ = {
			isa = PBXGroup;
			children = (
				2C5B05A32AE5EC2D004709B2 /* Toggles */,
				2C75129F2AE57D2400658F34 /* TextFields */,
				2C7512912AE5733000658F34 /* Buttons */,
			);
			path = Themes;
			sourceTree = "<group>";
		};
		2C7512912AE5733000658F34 /* Buttons */ = {
			isa = PBXGroup;
			children = (
				2C7512922AE5734A00658F34 /* PrimaryBlueButtonStyle.swift */,
				2C7512942AE5739500658F34 /* PrimaryGreenButtonStyle.swift */,
				2C7512962AE575A100658F34 /* SecondaryButtonStyle.swift */,
				2C7512982AE57B3400658F34 /* DestructiveButtonStyle.swift */,
			);
			path = Buttons;
			sourceTree = "<group>";
		};
		2C75129A2AE57C3500658F34 /* Views */ = {
			isa = PBXGroup;
			children = (
				2C75129B2AE57C4200658F34 /* Buttons.swift */,
				2C75129D2AE57CE700658F34 /* TextFields.swift */,
				2C5B05A62AE5ECA5004709B2 /* Toggles.swift */,
			);
			path = Views;
			sourceTree = "<group>";
		};
		2C75129F2AE57D2400658F34 /* TextFields */ = {
			isa = PBXGroup;
			children = (
				2C7512A02AE57D6100658F34 /* PrimaryTextFieldStyle.swift */,
			);
			path = TextFields;
			sourceTree = "<group>";
		};
/* End PBXGroup section */

/* Begin PBXNativeTarget section */
		2C75127D2AE570D500658F34 /* DesignGuideline */ = {
			isa = PBXNativeTarget;
			buildConfigurationList = 2C75128C2AE570D700658F34 /* Build configuration list for PBXNativeTarget "DesignGuideline" */;
			buildPhases = (
				2C75127A2AE570D500658F34 /* Sources */,
				2C75127B2AE570D500658F34 /* Frameworks */,
				2C75127C2AE570D500658F34 /* Resources */,
			);
			buildRules = (
			);
			dependencies = (
			);
			name = DesignGuideline;
			productName = DesignGuideline;
			productReference = 2C75127E2AE570D500658F34 /* DesignGuideline.app */;
			productType = "com.apple.product-type.application";
		};
/* End PBXNativeTarget section */

/* Begin PBXProject section */
		2C7512762AE570D500658F34 /* Project object */ = {
			isa = PBXProject;
			attributes = {
				BuildIndependentTargetsInParallel = 1;
				LastSwiftUpdateCheck = 1500;
				LastUpgradeCheck = 1500;
				TargetAttributes = {
					2C75127D2AE570D500658F34 = {
						CreatedOnToolsVersion = 15.0;
					};
				};
			};
			buildConfigurationList = 2C7512792AE570D500658F34 /* Build configuration list for PBXProject "DesignGuideline" */;
			compatibilityVersion = "Xcode 14.0";
			developmentRegion = en;
			hasScannedForEncodings = 0;
			knownRegions = (
				en,
				Base,
			);
			mainGroup = 2C7512752AE570D500658F34;
			productRefGroup = 2C75127F2AE570D500658F34 /* Products */;
			projectDirPath = "";
			projectRoot = "";
			targets = (
				2C75127D2AE570D500658F34 /* DesignGuideline */,
			);
		};
/* End PBXProject section */

/* Begin PBXResourcesBuildPhase section */
		2C75127C2AE570D500658F34 /* Resources */ = {
			isa = PBXResourcesBuildPhase;
			buildActionMask = 2147483647;
			files = (
				2C7512892AE570D700658F34 /* Preview Assets.xcassets in Resources */,
				2C7512862AE570D700658F34 /* Assets.xcassets in Resources */,
			);
			runOnlyForDeploymentPostprocessing = 0;
		};
/* End PBXResourcesBuildPhase section */

/* Begin PBXSourcesBuildPhase section */
		2C75127A2AE570D500658F34 /* Sources */ = {
			isa = PBXSourcesBuildPhase;
			buildActionMask = 2147483647;
			files = (
				2C75129C2AE57C4200658F34 /* Buttons.swift in Sources */,
				2C7512992AE57B3400658F34 /* DestructiveButtonStyle.swift in Sources */,
				2C7512932AE5734A00658F34 /* PrimaryBlueButtonStyle.swift in Sources */,
				2C7512952AE5739500658F34 /* PrimaryGreenButtonStyle.swift in Sources */,
				2C7512842AE570D500658F34 /* ContentView.swift in Sources */,
				2C7512822AE570D500658F34 /* DesignGuidelineApp.swift in Sources */,
				2C5B05A52AE5EC41004709B2 /* CheckboxToggleStyle.swift in Sources */,
				2C5B05A72AE5ECA5004709B2 /* Toggles.swift in Sources */,
				2C7512A12AE57D6100658F34 /* PrimaryTextFieldStyle.swift in Sources */,
				2C7512972AE575A100658F34 /* SecondaryButtonStyle.swift in Sources */,
				2C75129E2AE57CE700658F34 /* TextFields.swift in Sources */,
			);
			runOnlyForDeploymentPostprocessing = 0;
		};
/* End PBXSourcesBuildPhase section */

/* Begin XCBuildConfiguration section */
		2C75128A2AE570D700658F34 /* Debug */ = {
			isa = XCBuildConfiguration;
			buildSettings = {
				ALWAYS_SEARCH_USER_PATHS = NO;
				ASSETCATALOG_COMPILER_GENERATE_SWIFT_ASSET_SYMBOL_EXTENSIONS = YES;
				CLANG_ANALYZER_NONNULL = YES;
				CLANG_ANALYZER_NUMBER_OBJECT_CONVERSION = YES_AGGRESSIVE;
				CLANG_CXX_LANGUAGE_STANDARD = "gnu++20";
				CLANG_ENABLE_MODULES = YES;
				CLANG_ENABLE_OBJC_ARC = YES;
				CLANG_ENABLE_OBJC_WEAK = YES;
				CLANG_WARN_BLOCK_CAPTURE_AUTORELEASING = YES;
				CLANG_WARN_BOOL_CONVERSION = YES;
				CLANG_WARN_COMMA = YES;
				CLANG_WARN_CONSTANT_CONVERSION = YES;
				CLANG_WARN_DEPRECATED_OBJC_IMPLEMENTATIONS = YES;
				CLANG_WARN_DIRECT_OBJC_ISA_USAGE = YES_ERROR;
				CLANG_WARN_DOCUMENTATION_COMMENTS = YES;
				CLANG_WARN_EMPTY_BODY = YES;
				CLANG_WARN_ENUM_CONVERSION = YES;
				CLANG_WARN_INFINITE_RECURSION = YES;
				CLANG_WARN_INT_CONVERSION = YES;
				CLANG_WARN_NON_LITERAL_NULL_CONVERSION = YES;
				CLANG_WARN_OBJC_IMPLICIT_RETAIN_SELF = YES;
				CLANG_WARN_OBJC_LITERAL_CONVERSION = YES;
				CLANG_WARN_OBJC_ROOT_CLASS = YES_ERROR;
				CLANG_WARN_QUOTED_INCLUDE_IN_FRAMEWORK_HEADER = YES;
				CLANG_WARN_RANGE_LOOP_ANALYSIS = YES;
				CLANG_WARN_STRICT_PROTOTYPES = YES;
				CLANG_WARN_SUSPICIOUS_MOVE = YES;
				CLANG_WARN_UNGUARDED_AVAILABILITY = YES_AGGRESSIVE;
				CLANG_WARN_UNREACHABLE_CODE = YES;
				CLANG_WARN__DUPLICATE_METHOD_MATCH = YES;
				COPY_PHASE_STRIP = NO;
				DEBUG_INFORMATION_FORMAT = dwarf;
				ENABLE_STRICT_OBJC_MSGSEND = YES;
				ENABLE_TESTABILITY = YES;
				ENABLE_USER_SCRIPT_SANDBOXING = YES;
				GCC_C_LANGUAGE_STANDARD = gnu17;
				GCC_DYNAMIC_NO_PIC = NO;
				GCC_NO_COMMON_BLOCKS = YES;
				GCC_OPTIMIZATION_LEVEL = 0;
				GCC_PREPROCESSOR_DEFINITIONS = (
					"DEBUG=1",
					"$(inherited)",
				);
				GCC_WARN_64_TO_32_BIT_CONVERSION = YES;
				GCC_WARN_ABOUT_RETURN_TYPE = YES_ERROR;
				GCC_WARN_UNDECLARED_SELECTOR = YES;
				GCC_WARN_UNINITIALIZED_AUTOS = YES_AGGRESSIVE;
				GCC_WARN_UNUSED_FUNCTION = YES;
				GCC_WARN_UNUSED_VARIABLE = YES;
				IPHONEOS_DEPLOYMENT_TARGET = 17.0;
				LOCALIZATION_PREFERS_STRING_CATALOGS = YES;
				MTL_ENABLE_DEBUG_INFO = INCLUDE_SOURCE;
				MTL_FAST_MATH = YES;
				ONLY_ACTIVE_ARCH = YES;
				SDKROOT = iphoneos;
				SWIFT_ACTIVE_COMPILATION_CONDITIONS = "DEBUG $(inherited)";
				SWIFT_OPTIMIZATION_LEVEL = "-Onone";
			};
			name = Debug;
		};
		2C75128B2AE570D700658F34 /* Release */ = {
			isa = XCBuildConfiguration;
			buildSettings = {
				ALWAYS_SEARCH_USER_PATHS = NO;
				ASSETCATALOG_COMPILER_GENERATE_SWIFT_ASSET_SYMBOL_EXTENSIONS = YES;
				CLANG_ANALYZER_NONNULL = YES;
				CLANG_ANALYZER_NUMBER_OBJECT_CONVERSION = YES_AGGRESSIVE;
				CLANG_CXX_LANGUAGE_STANDARD = "gnu++20";
				CLANG_ENABLE_MODULES = YES;
				CLANG_ENABLE_OBJC_ARC = YES;
				CLANG_ENABLE_OBJC_WEAK = YES;
				CLANG_WARN_BLOCK_CAPTURE_AUTORELEASING = YES;
				CLANG_WARN_BOOL_CONVERSION = YES;
				CLANG_WARN_COMMA = YES;
				CLANG_WARN_CONSTANT_CONVERSION = YES;
				CLANG_WARN_DEPRECATED_OBJC_IMPLEMENTATIONS = YES;
				CLANG_WARN_DIRECT_OBJC_ISA_USAGE = YES_ERROR;
				CLANG_WARN_DOCUMENTATION_COMMENTS = YES;
				CLANG_WARN_EMPTY_BODY = YES;
				CLANG_WARN_ENUM_CONVERSION = YES;
				CLANG_WARN_INFINITE_RECURSION = YES;
				CLANG_WARN_INT_CONVERSION = YES;
				CLANG_WARN_NON_LITERAL_NULL_CONVERSION = YES;
				CLANG_WARN_OBJC_IMPLICIT_RETAIN_SELF = YES;
				CLANG_WARN_OBJC_LITERAL_CONVERSION = YES;
				CLANG_WARN_OBJC_ROOT_CLASS = YES_ERROR;
				CLANG_WARN_QUOTED_INCLUDE_IN_FRAMEWORK_HEADER = YES;
				CLANG_WARN_RANGE_LOOP_ANALYSIS = YES;
				CLANG_WARN_STRICT_PROTOTYPES = YES;
				CLANG_WARN_SUSPICIOUS_MOVE = YES;
				CLANG_WARN_UNGUARDED_AVAILABILITY = YES_AGGRESSIVE;
				CLANG_WARN_UNREACHABLE_CODE = YES;
				CLANG_WARN__DUPLICATE_METHOD_MATCH = YES;
				COPY_PHASE_STRIP = NO;
				DEBUG_INFORMATION_FORMAT = "dwarf-with-dsym";
				ENABLE_NS_ASSERTIONS = NO;
				ENABLE_STRICT_OBJC_MSGSEND = YES;
				ENABLE_USER_SCRIPT_SANDBOXING = YES;
				GCC_C_LANGUAGE_STANDARD = gnu17;
				GCC_NO_COMMON_BLOCKS = YES;
				GCC_WARN_64_TO_32_BIT_CONVERSION = YES;
				GCC_WARN_ABOUT_RETURN_TYPE = YES_ERROR;
				GCC_WARN_UNDECLARED_SELECTOR = YES;
				GCC_WARN_UNINITIALIZED_AUTOS = YES_AGGRESSIVE;
				GCC_WARN_UNUSED_FUNCTION = YES;
				GCC_WARN_UNUSED_VARIABLE = YES;
				IPHONEOS_DEPLOYMENT_TARGET = 17.0;
				LOCALIZATION_PREFERS_STRING_CATALOGS = YES;
				MTL_ENABLE_DEBUG_INFO = NO;
				MTL_FAST_MATH = YES;
				SDKROOT = iphoneos;
				SWIFT_COMPILATION_MODE = wholemodule;
				VALIDATE_PRODUCT = YES;
			};
			name = Release;
		};
		2C75128D2AE570D700658F34 /* Debug */ = {
			isa = XCBuildConfiguration;
			buildSettings = {
				ASSETCATALOG_COMPILER_APPICON_NAME = AppIcon;
				ASSETCATALOG_COMPILER_GLOBAL_ACCENT_COLOR_NAME = AccentColor;
				CODE_SIGN_STYLE = Automatic;
				CURRENT_PROJECT_VERSION = 1;
				DEVELOPMENT_ASSET_PATHS = "\"DesignGuideline/Preview Content\"";
				DEVELOPMENT_TEAM = 63Z24W5HZV;
				ENABLE_PREVIEWS = YES;
				GENERATE_INFOPLIST_FILE = YES;
				INFOPLIST_KEY_UIApplicationSceneManifest_Generation = YES;
				INFOPLIST_KEY_UIApplicationSupportsIndirectInputEvents = YES;
				INFOPLIST_KEY_UILaunchScreen_Generation = YES;
				INFOPLIST_KEY_UISupportedInterfaceOrientations_iPad = "UIInterfaceOrientationPortrait UIInterfaceOrientationPortraitUpsideDown UIInterfaceOrientationLandscapeLeft UIInterfaceOrientationLandscapeRight";
				INFOPLIST_KEY_UISupportedInterfaceOrientations_iPhone = "UIInterfaceOrientationPortrait UIInterfaceOrientationLandscapeLeft UIInterfaceOrientationLandscapeRight";
				LD_RUNPATH_SEARCH_PATHS = (
					"$(inherited)",
					"@executable_path/Frameworks",
				);
				MARKETING_VERSION = 1.0;
				PRODUCT_BUNDLE_IDENTIFIER = "com.ios-dev.DesignGuideline";
				PRODUCT_NAME = "$(TARGET_NAME)";
				SWIFT_EMIT_LOC_STRINGS = YES;
				SWIFT_VERSION = 5.0;
				TARGETED_DEVICE_FAMILY = "1,2";
			};
			name = Debug;
		};
		2C75128E2AE570D700658F34 /* Release */ = {
			isa = XCBuildConfiguration;
			buildSettings = {
				ASSETCATALOG_COMPILER_APPICON_NAME = AppIcon;
				ASSETCATALOG_COMPILER_GLOBAL_ACCENT_COLOR_NAME = AccentColor;
				CODE_SIGN_STYLE = Automatic;
				CURRENT_PROJECT_VERSION = 1;
				DEVELOPMENT_ASSET_PATHS = "\"DesignGuideline/Preview Content\"";
				DEVELOPMENT_TEAM = 63Z24W5HZV;
				ENABLE_PREVIEWS = YES;
				GENERATE_INFOPLIST_FILE = YES;
				INFOPLIST_KEY_UIApplicationSceneManifest_Generation = YES;
				INFOPLIST_KEY_UIApplicationSupportsIndirectInputEvents = YES;
				INFOPLIST_KEY_UILaunchScreen_Generation = YES;
				INFOPLIST_KEY_UISupportedInterfaceOrientations_iPad = "UIInterfaceOrientationPortrait UIInterfaceOrientationPortraitUpsideDown UIInterfaceOrientationLandscapeLeft UIInterfaceOrientationLandscapeRight";
				INFOPLIST_KEY_UISupportedInterfaceOrientations_iPhone = "UIInterfaceOrientationPortrait UIInterfaceOrientationLandscapeLeft UIInterfaceOrientationLandscapeRight";
				LD_RUNPATH_SEARCH_PATHS = (
					"$(inherited)",
					"@executable_path/Frameworks",
				);
				MARKETING_VERSION = 1.0;
				PRODUCT_BUNDLE_IDENTIFIER = "com.ios-dev.DesignGuideline";
				PRODUCT_NAME = "$(TARGET_NAME)";
				SWIFT_EMIT_LOC_STRINGS = YES;
				SWIFT_VERSION = 5.0;
				TARGETED_DEVICE_FAMILY = "1,2";
			};
			name = Release;
		};
/* End XCBuildConfiguration section */

/* Begin XCConfigurationList section */
		2C7512792AE570D500658F34 /* Build configuration list for PBXProject "DesignGuideline" */ = {
			isa = XCConfigurationList;
			buildConfigurations = (
				2C75128A2AE570D700658F34 /* Debug */,
				2C75128B2AE570D700658F34 /* Release */,
			);
			defaultConfigurationIsVisible = 0;
			defaultConfigurationName = Release;
		};
		2C75128C2AE570D700658F34 /* Build configuration list for PBXNativeTarget "DesignGuideline" */ = {
			isa = XCConfigurationList;
			buildConfigurations = (
				2C75128D2AE570D700658F34 /* Debug */,
				2C75128E2AE570D700658F34 /* Release */,
			);
			defaultConfigurationIsVisible = 0;
			defaultConfigurationName = Release;
		};
/* End XCConfigurationList section */
	};
	rootObject = 2C7512762AE570D500658F34 /* Project object */;
}
